// !$*UTF8*$!
{
	archiveVersion = 1;
	classes = {
	};
	objectVersion = 56;
	objects = {

/* Begin PBXBuildFile section */
		9AC1A3F92A468B5A00157F13 /* RealityKitContent in Frameworks */ = {isa = PBXBuildFile; productRef = 9AC1A3F82A468B5A00157F13 /* RealityKitContent */; };
		9AC1A3FB2A468B5A00157F13 /* visionOS_Hello_WorldApp.swift in Sources */ = {isa = PBXBuildFile; fileRef = 9AC1A3FA2A468B5A00157F13 /* visionOS_Hello_WorldApp.swift */; };
		9AC1A3FD2A468B5A00157F13 /* ContentView.swift in Sources */ = {isa = PBXBuildFile; fileRef = 9AC1A3FC2A468B5A00157F13 /* ContentView.swift */; };
		9AC1A3FF2A468B5A00157F13 /* ImmersiveView.swift in Sources */ = {isa = PBXBuildFile; fileRef = 9AC1A3FE2A468B5A00157F13 /* ImmersiveView.swift */; };
		9AC1A4012A468B5B00157F13 /* Assets.xcassets in Resources */ = {isa = PBXBuildFile; fileRef = 9AC1A4002A468B5B00157F13 /* Assets.xcassets */; };
		9AC1A4042A468B5B00157F13 /* Preview Assets.xcassets in Resources */ = {isa = PBXBuildFile; fileRef = 9AC1A4032A468B5B00157F13 /* Preview Assets.xcassets */; };
		9AC1A40E2A468B5B00157F13 /* visionOS_Hello_WorldTests.swift in Sources */ = {isa = PBXBuildFile; fileRef = 9AC1A40D2A468B5B00157F13 /* visionOS_Hello_WorldTests.swift */; };
/* End PBXBuildFile section */

/* Begin PBXContainerItemProxy section */
		9AC1A40A2A468B5B00157F13 /* PBXContainerItemProxy */ = {
			isa = PBXContainerItemProxy;
			containerPortal = 9AC1A3EB2A468B5A00157F13 /* Project object */;
			proxyType = 1;
			remoteGlobalIDString = 9AC1A3F22A468B5A00157F13;
			remoteInfo = visionOS_Hello.World;
		};
/* End PBXContainerItemProxy section */

/* Begin PBXFileReference section */
		9AC1A3F32A468B5A00157F13 /* visionOS_Hello.World.app */ = {isa = PBXFileReference; explicitFileType = wrapper.application; includeInIndex = 0; path = visionOS_Hello.World.app; sourceTree = BUILT_PRODUCTS_DIR; };
		9AC1A3F72A468B5A00157F13 /* RealityKitContent */ = {isa = PBXFileReference; lastKnownFileType = wrapper; path = RealityKitContent; sourceTree = "<group>"; };
		9AC1A3FA2A468B5A00157F13 /* visionOS_Hello_WorldApp.swift */ = {isa = PBXFileReference; lastKnownFileType = sourcecode.swift; path = visionOS_Hello_WorldApp.swift; sourceTree = "<group>"; };
		9AC1A3FC2A468B5A00157F13 /* ContentView.swift */ = {isa = PBXFileReference; lastKnownFileType = sourcecode.swift; path = ContentView.swift; sourceTree = "<group>"; };
		9AC1A3FE2A468B5A00157F13 /* ImmersiveView.swift */ = {isa = PBXFileReference; lastKnownFileType = sourcecode.swift; path = ImmersiveView.swift; sourceTree = "<group>"; };
		9AC1A4002A468B5B00157F13 /* Assets.xcassets */ = {isa = PBXFileReference; lastKnownFileType = folder.assetcatalog; path = Assets.xcassets; sourceTree = "<group>"; };
		9AC1A4032A468B5B00157F13 /* Preview Assets.xcassets */ = {isa = PBXFileReference; lastKnownFileType = folder.assetcatalog; path = "Preview Assets.xcassets"; sourceTree = "<group>"; };
		9AC1A4092A468B5B00157F13 /* visionOS_Hello.WorldTests.xctest */ = {isa = PBXFileReference; explicitFileType = wrapper.cfbundle; includeInIndex = 0; path = visionOS_Hello.WorldTests.xctest; sourceTree = BUILT_PRODUCTS_DIR; };
		9AC1A40D2A468B5B00157F13 /* visionOS_Hello_WorldTests.swift */ = {isa = PBXFileReference; lastKnownFileType = sourcecode.swift; path = visionOS_Hello_WorldTests.swift; sourceTree = "<group>"; };
/* End PBXFileReference section */

/* Begin PBXFrameworksBuildPhase section */
		9AC1A3F02A468B5A00157F13 /* Frameworks */ = {
			isa = PBXFrameworksBuildPhase;
			buildActionMask = 2147483647;
			files = (
				9AC1A3F92A468B5A00157F13 /* RealityKitContent in Frameworks */,
			);
			runOnlyForDeploymentPostprocessing = 0;
		};
		9AC1A4062A468B5B00157F13 /* Frameworks */ = {
			isa = PBXFrameworksBuildPhase;
			buildActionMask = 2147483647;
			files = (
			);
			runOnlyForDeploymentPostprocessing = 0;
		};
/* End PBXFrameworksBuildPhase section */

/* Begin PBXGroup section */
		9AC1A3EA2A468B5A00157F13 = {
			isa = PBXGroup;
			children = (
				9AC1A3F52A468B5A00157F13 /* visionOS_Hello.World */,
				9AC1A3F62A468B5A00157F13 /* Packages */,
				9AC1A40C2A468B5B00157F13 /* visionOS_Hello.WorldTests */,
				9AC1A3F42A468B5A00157F13 /* Products */,
			);
			sourceTree = "<group>";
		};
		9AC1A3F42A468B5A00157F13 /* Products */ = {
			isa = PBXGroup;
			children = (
				9AC1A3F32A468B5A00157F13 /* visionOS_Hello.World.app */,
				9AC1A4092A468B5B00157F13 /* visionOS_Hello.WorldTests.xctest */,
			);
			name = Products;
			sourceTree = "<group>";
		};
		9AC1A3F52A468B5A00157F13 /* visionOS_Hello.World */ = {
			isa = PBXGroup;
			children = (
				9AC1A3FA2A468B5A00157F13 /* visionOS_Hello_WorldApp.swift */,
				9AC1A3FC2A468B5A00157F13 /* ContentView.swift */,
				9AC1A3FE2A468B5A00157F13 /* ImmersiveView.swift */,
				9AC1A4002A468B5B00157F13 /* Assets.xcassets */,
				9AC1A4022A468B5B00157F13 /* Preview Content */,
			);
			path = visionOS_Hello.World;
			sourceTree = "<group>";
		};
		9AC1A3F62A468B5A00157F13 /* Packages */ = {
			isa = PBXGroup;
			children = (
				9AC1A3F72A468B5A00157F13 /* RealityKitContent */,
			);
			path = Packages;
			sourceTree = "<group>";
		};
		9AC1A4022A468B5B00157F13 /* Preview Content */ = {
			isa = PBXGroup;
			children = (
				9AC1A4032A468B5B00157F13 /* Preview Assets.xcassets */,
			);
			path = "Preview Content";
			sourceTree = "<group>";
		};
		9AC1A40C2A468B5B00157F13 /* visionOS_Hello.WorldTests */ = {
			isa = PBXGroup;
			children = (
				9AC1A40D2A468B5B00157F13 /* visionOS_Hello_WorldTests.swift */,
			);
			path = visionOS_Hello.WorldTests;
			sourceTree = "<group>";
		};
/* End PBXGroup section */

/* Begin PBXNativeTarget section */
		9AC1A3F22A468B5A00157F13 /* visionOS_Hello.World */ = {
			isa = PBXNativeTarget;
			buildConfigurationList = 9AC1A4112A468B5B00157F13 /* Build configuration list for PBXNativeTarget "visionOS_Hello.World" */;
			buildPhases = (
				9AC1A3EF2A468B5A00157F13 /* Sources */,
				9AC1A3F02A468B5A00157F13 /* Frameworks */,
				9AC1A3F12A468B5A00157F13 /* Resources */,
			);
			buildRules = (
			);
			dependencies = (
			);
			name = visionOS_Hello.World;
			packageProductDependencies = (
				9AC1A3F82A468B5A00157F13 /* RealityKitContent */,
			);
			productName = visionOS_Hello.World;
			productReference = 9AC1A3F32A468B5A00157F13 /* visionOS_Hello.World.app */;
			productType = "com.apple.product-type.application";
		};
		9AC1A4082A468B5B00157F13 /* visionOS_Hello.WorldTests */ = {
			isa = PBXNativeTarget;
			buildConfigurationList = 9AC1A4142A468B5B00157F13 /* Build configuration list for PBXNativeTarget "visionOS_Hello.WorldTests" */;
			buildPhases = (
				9AC1A4052A468B5B00157F13 /* Sources */,
				9AC1A4062A468B5B00157F13 /* Frameworks */,
				9AC1A4072A468B5B00157F13 /* Resources */,
			);
			buildRules = (
			);
			dependencies = (
				9AC1A40B2A468B5B00157F13 /* PBXTargetDependency */,
			);
			name = visionOS_Hello.WorldTests;
			productName = visionOS_Hello.WorldTests;
			productReference = 9AC1A4092A468B5B00157F13 /* visionOS_Hello.WorldTests.xctest */;
			productType = "com.apple.product-type.bundle.unit-test";
		};
/* End PBXNativeTarget section */

/* Begin PBXProject section */
		9AC1A3EB2A468B5A00157F13 /* Project object */ = {
			isa = PBXProject;
			attributes = {
				BuildIndependentTargetsInParallel = 1;
				LastSwiftUpdateCheck = 1500;
				LastUpgradeCheck = 1500;
				TargetAttributes = {
					9AC1A3F22A468B5A00157F13 = {
						CreatedOnToolsVersion = 15.0;
					};
					9AC1A4082A468B5B00157F13 = {
						CreatedOnToolsVersion = 15.0;
						TestTargetID = 9AC1A3F22A468B5A00157F13;
					};
				};
			};
			buildConfigurationList = 9AC1A3EE2A468B5A00157F13 /* Build configuration list for PBXProject "visionOS_Hello.World" */;
			compatibilityVersion = "Xcode 14.0";
			developmentRegion = en;
			hasScannedForEncodings = 0;
			knownRegions = (
				en,
				Base,
			);
			mainGroup = 9AC1A3EA2A468B5A00157F13;
			productRefGroup = 9AC1A3F42A468B5A00157F13 /* Products */;
			projectDirPath = "";
			projectRoot = "";
			targets = (
				9AC1A3F22A468B5A00157F13 /* visionOS_Hello.World */,
				9AC1A4082A468B5B00157F13 /* visionOS_Hello.WorldTests */,
			);
		};
/* End PBXProject section */

/* Begin PBXResourcesBuildPhase section */
		9AC1A3F12A468B5A00157F13 /* Resources */ = {
			isa = PBXResourcesBuildPhase;
			buildActionMask = 2147483647;
			files = (
				9AC1A4042A468B5B00157F13 /* Preview Assets.xcassets in Resources */,
				9AC1A4012A468B5B00157F13 /* Assets.xcassets in Resources */,
			);
			runOnlyForDeploymentPostprocessing = 0;
		};
		9AC1A4072A468B5B00157F13 /* Resources */ = {
			isa = PBXResourcesBuildPhase;
			buildActionMask = 2147483647;
			files = (
			);
			runOnlyForDeploymentPostprocessing = 0;
		};
/* End PBXResourcesBuildPhase section */

/* Begin PBXSourcesBuildPhase section */
		9AC1A3EF2A468B5A00157F13 /* Sources */ = {
			isa = PBXSourcesBuildPhase;
			buildActionMask = 2147483647;
			files = (
				9AC1A3FD2A468B5A00157F13 /* ContentView.swift in Sources */,
				9AC1A3FB2A468B5A00157F13 /* visionOS_Hello_WorldApp.swift in Sources */,
				9AC1A3FF2A468B5A00157F13 /* ImmersiveView.swift in Sources */,
			);
			runOnlyForDeploymentPostprocessing = 0;
		};
		9AC1A4052A468B5B00157F13 /* Sources */ = {
			isa = PBXSourcesBuildPhase;
			buildActionMask = 2147483647;
			files = (
				9AC1A40E2A468B5B00157F13 /* visionOS_Hello_WorldTests.swift in Sources */,
			);
			runOnlyForDeploymentPostprocessing = 0;
		};
/* End PBXSourcesBuildPhase section */

/* Begin PBXTargetDependency section */
		9AC1A40B2A468B5B00157F13 /* PBXTargetDependency */ = {
			isa = PBXTargetDependency;
			target = 9AC1A3F22A468B5A00157F13 /* visionOS_Hello.World */;
			targetProxy = 9AC1A40A2A468B5B00157F13 /* PBXContainerItemProxy */;
		};
/* End PBXTargetDependency section */

/* Begin XCBuildConfiguration section */
		9AC1A40F2A468B5B00157F13 /* Debug */ = {
			isa = XCBuildConfiguration;
			buildSettings = {
				ALWAYS_SEARCH_USER_PATHS = NO;
				ASSETCATALOG_COMPILER_GENERATE_SWIFT_ASSET_SYMBOL_EXTENSIONS = YES;
				CLANG_ANALYZER_NONNULL = YES;
				CLANG_ANALYZER_NUMBER_OBJECT_CONVERSION = YES_AGGRESSIVE;
				CLANG_CXX_LANGUAGE_STANDARD = "gnu++20";
				CLANG_ENABLE_MODULES = YES;
				CLANG_ENABLE_OBJC_ARC = YES;
				CLANG_ENABLE_OBJC_WEAK = YES;
				CLANG_WARN_BLOCK_CAPTURE_AUTORELEASING = YES;
				CLANG_WARN_BOOL_CONVERSION = YES;
				CLANG_WARN_COMMA = YES;
				CLANG_WARN_CONSTANT_CONVERSION = YES;
				CLANG_WARN_DEPRECATED_OBJC_IMPLEMENTATIONS = YES;
				CLANG_WARN_DIRECT_OBJC_ISA_USAGE = YES_ERROR;
				CLANG_WARN_DOCUMENTATION_COMMENTS = YES;
				CLANG_WARN_EMPTY_BODY = YES;
				CLANG_WARN_ENUM_CONVERSION = YES;
				CLANG_WARN_INFINITE_RECURSION = YES;
				CLANG_WARN_INT_CONVERSION = YES;
				CLANG_WARN_NON_LITERAL_NULL_CONVERSION = YES;
				CLANG_WARN_OBJC_IMPLICIT_RETAIN_SELF = YES;
				CLANG_WARN_OBJC_LITERAL_CONVERSION = YES;
				CLANG_WARN_OBJC_ROOT_CLASS = YES_ERROR;
				CLANG_WARN_QUOTED_INCLUDE_IN_FRAMEWORK_HEADER = YES;
				CLANG_WARN_RANGE_LOOP_ANALYSIS = YES;
				CLANG_WARN_STRICT_PROTOTYPES = YES;
				CLANG_WARN_SUSPICIOUS_MOVE = YES;
				CLANG_WARN_UNGUARDED_AVAILABILITY = YES_AGGRESSIVE;
				CLANG_WARN_UNREACHABLE_CODE = YES;
				CLANG_WARN__DUPLICATE_METHOD_MATCH = YES;
				COPY_PHASE_STRIP = NO;
				DEBUG_INFORMATION_FORMAT = dwarf;
				ENABLE_STRICT_OBJC_MSGSEND = YES;
				ENABLE_TESTABILITY = YES;
				ENABLE_USER_SCRIPT_SANDBOXING = YES;
				GCC_C_LANGUAGE_STANDARD = gnu17;
				GCC_DYNAMIC_NO_PIC = NO;
				GCC_NO_COMMON_BLOCKS = YES;
				GCC_OPTIMIZATION_LEVEL = 0;
				GCC_PREPROCESSOR_DEFINITIONS = (
					"DEBUG=1",
					"$(inherited)",
				);
				GCC_WARN_64_TO_32_BIT_CONVERSION = YES;
				GCC_WARN_ABOUT_RETURN_TYPE = YES_ERROR;
				GCC_WARN_UNDECLARED_SELECTOR = YES;
				GCC_WARN_UNINITIALIZED_AUTOS = YES_AGGRESSIVE;
				GCC_WARN_UNUSED_FUNCTION = YES;
				GCC_WARN_UNUSED_VARIABLE = YES;
				LOCALIZATION_PREFERS_STRING_CATALOGS = YES;
				MTL_ENABLE_DEBUG_INFO = INCLUDE_SOURCE;
				MTL_FAST_MATH = YES;
				ONLY_ACTIVE_ARCH = YES;
				SDKROOT = xros;
				SWIFT_ACTIVE_COMPILATION_CONDITIONS = "DEBUG $(inherited)";
				SWIFT_OPTIMIZATION_LEVEL = "-Onone";
				XROS_DEPLOYMENT_TARGET = 1.0;
			};
			name = Debug;
		};
		9AC1A4102A468B5B00157F13 /* Release */ = {
			isa = XCBuildConfiguration;
			buildSettings = {
				ALWAYS_SEARCH_USER_PATHS = NO;
				ASSETCATALOG_COMPILER_GENERATE_SWIFT_ASSET_SYMBOL_EXTENSIONS = YES;
				CLANG_ANALYZER_NONNULL = YES;
				CLANG_ANALYZER_NUMBER_OBJECT_CONVERSION = YES_AGGRESSIVE;
				CLANG_CXX_LANGUAGE_STANDARD = "gnu++20";
				CLANG_ENABLE_MODULES = YES;
				CLANG_ENABLE_OBJC_ARC = YES;
				CLANG_ENABLE_OBJC_WEAK = YES;
				CLANG_WARN_BLOCK_CAPTURE_AUTORELEASING = YES;
				CLANG_WARN_BOOL_CONVERSION = YES;
				CLANG_WARN_COMMA = YES;
				CLANG_WARN_CONSTANT_CONVERSION = YES;
				CLANG_WARN_DEPRECATED_OBJC_IMPLEMENTATIONS = YES;
				CLANG_WARN_DIRECT_OBJC_ISA_USAGE = YES_ERROR;
				CLANG_WARN_DOCUMENTATION_COMMENTS = YES;
				CLANG_WARN_EMPTY_BODY = YES;
				CLANG_WARN_ENUM_CONVERSION = YES;
				CLANG_WARN_INFINITE_RECURSION = YES;
				CLANG_WARN_INT_CONVERSION = YES;
				CLANG_WARN_NON_LITERAL_NULL_CONVERSION = YES;
				CLANG_WARN_OBJC_IMPLICIT_RETAIN_SELF = YES;
				CLANG_WARN_OBJC_LITERAL_CONVERSION = YES;
				CLANG_WARN_OBJC_ROOT_CLASS = YES_ERROR;
				CLANG_WARN_QUOTED_INCLUDE_IN_FRAMEWORK_HEADER = YES;
				CLANG_WARN_RANGE_LOOP_ANALYSIS = YES;
				CLANG_WARN_STRICT_PROTOTYPES = YES;
				CLANG_WARN_SUSPICIOUS_MOVE = YES;
				CLANG_WARN_UNGUARDED_AVAILABILITY = YES_AGGRESSIVE;
				CLANG_WARN_UNREACHABLE_CODE = YES;
				CLANG_WARN__DUPLICATE_METHOD_MATCH = YES;
				COPY_PHASE_STRIP = NO;
				DEBUG_INFORMATION_FORMAT = "dwarf-with-dsym";
				ENABLE_NS_ASSERTIONS = NO;
				ENABLE_STRICT_OBJC_MSGSEND = YES;
				ENABLE_USER_SCRIPT_SANDBOXING = YES;
				GCC_C_LANGUAGE_STANDARD = gnu17;
				GCC_NO_COMMON_BLOCKS = YES;
				GCC_WARN_64_TO_32_BIT_CONVERSION = YES;
				GCC_WARN_ABOUT_RETURN_TYPE = YES_ERROR;
				GCC_WARN_UNDECLARED_SELECTOR = YES;
				GCC_WARN_UNINITIALIZED_AUTOS = YES_AGGRESSIVE;
				GCC_WARN_UNUSED_FUNCTION = YES;
				GCC_WARN_UNUSED_VARIABLE = YES;
				LOCALIZATION_PREFERS_STRING_CATALOGS = YES;
				MTL_ENABLE_DEBUG_INFO = NO;
				MTL_FAST_MATH = YES;
				SDKROOT = xros;
				SWIFT_COMPILATION_MODE = wholemodule;
				VALIDATE_PRODUCT = YES;
				XROS_DEPLOYMENT_TARGET = 1.0;
			};
			name = Release;
		};
		9AC1A4122A468B5B00157F13 /* Debug */ = {
			isa = XCBuildConfiguration;
			buildSettings = {
				ASSETCATALOG_COMPILER_APPICON_NAME = AppIcon;
				ASSETCATALOG_COMPILER_GLOBAL_ACCENT_COLOR_NAME = AccentColor;
				CODE_SIGN_STYLE = Automatic;
				CURRENT_PROJECT_VERSION = 1;
				DEVELOPMENT_ASSET_PATHS = "\"visionOS_Hello.World/Preview Content\"";
				DEVELOPMENT_TEAM = SBR5J55TDP;
				ENABLE_PREVIEWS = YES;
				GENERATE_INFOPLIST_FILE = YES;
				INFOPLIST_KEY_UIApplicationSceneManifest_Generation = YES;
				LD_RUNPATH_SEARCH_PATHS = (
					"$(inherited)",
					"@executable_path/Frameworks",
				);
				MARKETING_VERSION = 1.0;
				PRODUCT_BUNDLE_IDENTIFIER = "Test.visionOS-Hello-World";
				PRODUCT_NAME = "$(TARGET_NAME)";
				SUPPORTED_PLATFORMS = "xros xrsimulator";
				SWIFT_EMIT_LOC_STRINGS = YES;
				SWIFT_VERSION = 5.0;
				TARGETED_DEVICE_FAMILY = "1,2,7";
			};
			name = Debug;
		};
		9AC1A4132A468B5B00157F13 /* Release */ = {
			isa = XCBuildConfiguration;
			buildSettings = {
				ASSETCATALOG_COMPILER_APPICON_NAME = AppIcon;
				ASSETCATALOG_COMPILER_GLOBAL_ACCENT_COLOR_NAME = AccentColor;
				CODE_SIGN_STYLE = Automatic;
				CURRENT_PROJECT_VERSION = 1;
				DEVELOPMENT_ASSET_PATHS = "\"visionOS_Hello.World/Preview Content\"";
				DEVELOPMENT_TEAM = SBR5J55TDP;
				ENABLE_PREVIEWS = YES;
				GENERATE_INFOPLIST_FILE = YES;
				INFOPLIST_KEY_UIApplicationSceneManifest_Generation = YES;
				LD_RUNPATH_SEARCH_PATHS = (
					"$(inherited)",
					"@executable_path/Frameworks",
				);
				MARKETING_VERSION = 1.0;
				PRODUCT_BUNDLE_IDENTIFIER = "Test.visionOS-Hello-World";
				PRODUCT_NAME = "$(TARGET_NAME)";
				SUPPORTED_PLATFORMS = "xros xrsimulator";
				SWIFT_EMIT_LOC_STRINGS = YES;
				SWIFT_VERSION = 5.0;
				TARGETED_DEVICE_FAMILY = "1,2,7";
			};
			name = Release;
		};
		9AC1A4152A468B5B00157F13 /* Debug */ = {
			isa = XCBuildConfiguration;
			buildSettings = {
				ALWAYS_EMBED_SWIFT_STANDARD_LIBRARIES = YES;
				BUNDLE_LOADER = "$(TEST_HOST)";
				CODE_SIGN_STYLE = Automatic;
				CURRENT_PROJECT_VERSION = 1;
				DEVELOPMENT_TEAM = SBR5J55TDP;
				GENERATE_INFOPLIST_FILE = YES;
				MARKETING_VERSION = 1.0;
				PRODUCT_BUNDLE_IDENTIFIER = "Test.visionOS-Hello-WorldTests";
				PRODUCT_NAME = "$(TARGET_NAME)";
				SUPPORTED_PLATFORMS = "xros xrsimulator";
				SWIFT_EMIT_LOC_STRINGS = NO;
				SWIFT_VERSION = 5.0;
				TARGETED_DEVICE_FAMILY = "1,2,7";
				TEST_HOST = "$(BUILT_PRODUCTS_DIR)/visionOS_Hello.World.app/$(BUNDLE_EXECUTABLE_FOLDER_PATH)/visionOS_Hello.World";
				XROS_DEPLOYMENT_TARGET = 1.0;
			};
			name = Debug;
		};
		9AC1A4162A468B5B00157F13 /* Release */ = {
			isa = XCBuildConfiguration;
			buildSettings = {
				ALWAYS_EMBED_SWIFT_STANDARD_LIBRARIES = YES;
				BUNDLE_LOADER = "$(TEST_HOST)";
				CODE_SIGN_STYLE = Automatic;
				CURRENT_PROJECT_VERSION = 1;
				DEVELOPMENT_TEAM = SBR5J55TDP;
				GENERATE_INFOPLIST_FILE = YES;
				MARKETING_VERSION = 1.0;
				PRODUCT_BUNDLE_IDENTIFIER = "Test.visionOS-Hello-WorldTests";
				PRODUCT_NAME = "$(TARGET_NAME)";
				SUPPORTED_PLATFORMS = "xros xrsimulator";
				SWIFT_EMIT_LOC_STRINGS = NO;
				SWIFT_VERSION = 5.0;
				TARGETED_DEVICE_FAMILY = "1,2,7";
				TEST_HOST = "$(BUILT_PRODUCTS_DIR)/visionOS_Hello.World.app/$(BUNDLE_EXECUTABLE_FOLDER_PATH)/visionOS_Hello.World";
				XROS_DEPLOYMENT_TARGET = 1.0;
			};
			name = Release;
		};
/* End XCBuildConfiguration section */

/* Begin XCConfigurationList section */
		9AC1A3EE2A468B5A00157F13 /* Build configuration list for PBXProject "visionOS_Hello.World" */ = {
			isa = XCConfigurationList;
			buildConfigurations = (
				9AC1A40F2A468B5B00157F13 /* Debug */,
				9AC1A4102A468B5B00157F13 /* Release */,
			);
			defaultConfigurationIsVisible = 0;
			defaultConfigurationName = Release;
		};
		9AC1A4112A468B5B00157F13 /* Build configuration list for PBXNativeTarget "visionOS_Hello.World" */ = {
			isa = XCConfigurationList;
			buildConfigurations = (
				9AC1A4122A468B5B00157F13 /* Debug */,
				9AC1A4132A468B5B00157F13 /* Release */,
			);
			defaultConfigurationIsVisible = 0;
			defaultConfigurationName = Release;
		};
		9AC1A4142A468B5B00157F13 /* Build configuration list for PBXNativeTarget "visionOS_Hello.WorldTests" */ = {
			isa = XCConfigurationList;
			buildConfigurations = (
				9AC1A4152A468B5B00157F13 /* Debug */,
				9AC1A4162A468B5B00157F13 /* Release */,
			);
			defaultConfigurationIsVisible = 0;
			defaultConfigurationName = Release;
		};
/* End XCConfigurationList section */

/* Begin XCSwiftPackageProductDependency section */
		9AC1A3F82A468B5A00157F13 /* RealityKitContent */ = {
			isa = XCSwiftPackageProductDependency;
			productName = RealityKitContent;
		};
/* End XCSwiftPackageProductDependency section */
	};
	rootObject = 9AC1A3EB2A468B5A00157F13 /* Project object */;
}
